{
  "name": "image-generation",
  "version": "0.0.0",
  "lockfileVersion": 1,
  "requires": true,
  "dependencies": {
    "lib": {
      "version": "3.0.1",
      "resolved": "https://registry.npmjs.org/lib/-/lib-3.0.1.tgz",
      "integrity": "sha1-Ol87GcSdQSOh8rjBZZ3DrNmRHDk="
    },
    "pngjs": {
      "version": "3.3.0",
      "resolved": "https://registry.npmjs.org/pngjs/-/pngjs-3.3.0.tgz",
      "integrity": "sha1-H1cwwYnJSTO4G+2iqy+OKFUmOo8="
    }
  }
}
